
Microsoft Visual Studio Solution File, Format Version 12.00
# Visual Studio Version 17
VisualStudioVersion = 17.4.33213.308
MinimumVisualStudioVersion = 10.0.40219.1
Project("{9A19103F-16F7-4668-BE54-9A1E7A4F7556}") = "MyBankApi", "MyBankApi\MyBankApi.csproj", "{9ABC3072-60C5-4FCA-95AC-23DAAD56C1B0}"
	ProjectSection(ProjectDependencies) = postProject
		{BAC63E05-AF70-47FA-9241-BAB1EBF02B60} = {BAC63E05-AF70-47FA-9241-BAB1EBF02B60}
	EndProjectSection
EndProject
Project("{9A19103F-16F7-4668-BE54-9A1E7A4F7556}") = "ServiceLayer", "ServiceLayer\ServiceLayer.csproj", "{BAC63E05-AF70-47FA-9241-BAB1EBF02B60}"
	ProjectSection(ProjectDependencies) = postProject
		{01E49A0D-10DB-4B54-A1F0-BCF603E74E2B} = {01E49A0D-10DB-4B54-A1F0-BCF603E74E2B}
	EndProjectSection
EndProject
Project("{9A19103F-16F7-4668-BE54-9A1E7A4F7556}") = "DataEntityAndAccessLayer", "DataEntityAndAccessLayer\DataEntityAndAccessLayer.csproj", "{01E49A0D-10DB-4B54-A1F0-BCF603E74E2B}"
EndProject
Global
	GlobalSection(SolutionConfigurationPlatforms) = preSolution
		Debug|Any CPU = Debug|Any CPU
		Release|Any CPU = Release|Any CPU
	EndGlobalSection
	GlobalSection(ProjectConfigurationPlatforms) = postSolution
		{9ABC3072-60C5-4FCA-95AC-23DAAD56C1B0}.Debug|Any CPU.ActiveCfg = Debug|Any CPU
		{9ABC3072-60C5-4FCA-95AC-23DAAD56C1B0}.Debug|Any CPU.Build.0 = Debug|Any CPU
		{9ABC3072-60C5-4FCA-95AC-23DAAD56C1B0}.Release|Any CPU.ActiveCfg = Release|Any CPU
		{9ABC3072-60C5-4FCA-95AC-23DAAD56C1B0}.Release|Any CPU.Build.0 = Release|Any CPU
		{BAC63E05-AF70-47FA-9241-BAB1EBF02B60}.Debug|Any CPU.ActiveCfg = Debug|Any CPU
		{BAC63E05-AF70-47FA-9241-BAB1EBF02B60}.Debug|Any CPU.Build.0 = Debug|Any CPU
		{BAC63E05-AF70-47FA-9241-BAB1EBF02B60}.Release|Any CPU.ActiveCfg = Release|Any CPU
		{BAC63E05-AF70-47FA-9241-BAB1EBF02B60}.Release|Any CPU.Build.0 = Release|Any CPU
		{01E49A0D-10DB-4B54-A1F0-BCF603E74E2B}.Debug|Any CPU.ActiveCfg = Debug|Any CPU
		{01E49A0D-10DB-4B54-A1F0-BCF603E74E2B}.Debug|Any CPU.Build.0 = Debug|Any CPU
		{01E49A0D-10DB-4B54-A1F0-BCF603E74E2B}.Release|Any CPU.ActiveCfg = Release|Any CPU
		{01E49A0D-10DB-4B54-A1F0-BCF603E74E2B}.Release|Any CPU.Build.0 = Release|Any CPU
	EndGlobalSection
	GlobalSection(SolutionProperties) = preSolution
		HideSolutionNode = FALSE
	EndGlobalSection
	GlobalSection(ExtensibilityGlobals) = postSolution
		SolutionGuid = {A1A0A87D-4F37-425B-8DB5-C6446B8AC7A7}
	EndGlobalSection
EndGlobal
